// !$*UTF8*$!
{
	archiveVersion = 1;
	classes = {
	};
	objectVersion = 46;
	objects = {

/* Begin PBXBuildFile section */
		24EB06FE1B1443B20093AA13 /* AppDelegate.swift in Sources */ = {isa = PBXBuildFile; fileRef = 24EB06FD1B1443B20093AA13 /* AppDelegate.swift */; };
		24EB07001B1443B20093AA13 /* ViewController.swift in Sources */ = {isa = PBXBuildFile; fileRef = 24EB06FF1B1443B20093AA13 /* ViewController.swift */; };
		24EB07031B1443B20093AA13 /* Main.storyboard in Resources */ = {isa = PBXBuildFile; fileRef = 24EB07011B1443B20093AA13 /* Main.storyboard */; };
		24EB07051B1443B20093AA13 /* Images.xcassets in Resources */ = {isa = PBXBuildFile; fileRef = 24EB07041B1443B20093AA13 /* Images.xcassets */; };
		24EB07081B1443B20093AA13 /* LaunchScreen.xib in Resources */ = {isa = PBXBuildFile; fileRef = 24EB07061B1443B20093AA13 /* LaunchScreen.xib */; };
		24EB07141B1443B20093AA13 /* shakeTests.swift in Sources */ = {isa = PBXBuildFile; fileRef = 24EB07131B1443B20093AA13 /* shakeTests.swift */; };
/* End PBXBuildFile section */

/* Begin PBXContainerItemProxy section */
		24EB070E1B1443B20093AA13 /* PBXContainerItemProxy */ = {
			isa = PBXContainerItemProxy;
			containerPortal = 24EB06F01B1443B20093AA13 /* Project object */;
			proxyType = 1;
			remoteGlobalIDString = 24EB06F71B1443B20093AA13;
			remoteInfo = shake;
		};
/* End PBXContainerItemProxy section */

/* Begin PBXFileReference section */
		24EB06F81B1443B20093AA13 /* shake.app */ = {isa = PBXFileReference; explicitFileType = wrapper.application; includeInIndex = 0; path = shake.app; sourceTree = BUILT_PRODUCTS_DIR; };
		24EB06FC1B1443B20093AA13 /* Info.plist */ = {isa = PBXFileReference; lastKnownFileType = text.plist.xml; path = Info.plist; sourceTree = "<group>"; };
		24EB06FD1B1443B20093AA13 /* AppDelegate.swift */ = {isa = PBXFileReference; lastKnownFileType = sourcecode.swift; path = AppDelegate.swift; sourceTree = "<group>"; };
		24EB06FF1B1443B20093AA13 /* ViewController.swift */ = {isa = PBXFileReference; lastKnownFileType = sourcecode.swift; path = ViewController.swift; sourceTree = "<group>"; };
		24EB07021B1443B20093AA13 /* Base */ = {isa = PBXFileReference; lastKnownFileType = file.storyboard; name = Base; path = Base.lproj/Main.storyboard; sourceTree = "<group>"; };
		24EB07041B1443B20093AA13 /* Images.xcassets */ = {isa = PBXFileReference; lastKnownFileType = folder.assetcatalog; path = Images.xcassets; sourceTree = "<group>"; };
		24EB07071B1443B20093AA13 /* Base */ = {isa = PBXFileReference; lastKnownFileType = file.xib; name = Base; path = Base.lproj/LaunchScreen.xib; sourceTree = "<group>"; };
		24EB070D1B1443B20093AA13 /* shakeTests.xctest */ = {isa = PBXFileReference; explicitFileType = wrapper.cfbundle; includeInIndex = 0; path = shakeTests.xctest; sourceTree = BUILT_PRODUCTS_DIR; };
		24EB07121B1443B20093AA13 /* Info.plist */ = {isa = PBXFileReference; lastKnownFileType = text.plist.xml; path = Info.plist; sourceTree = "<group>"; };
		24EB07131B1443B20093AA13 /* shakeTests.swift */ = {isa = PBXFileReference; lastKnownFileType = sourcecode.swift; path = shakeTests.swift; sourceTree = "<group>"; };
/* End PBXFileReference section */

/* Begin PBXFrameworksBuildPhase section */
		24EB06F51B1443B20093AA13 /* Frameworks */ = {
			isa = PBXFrameworksBuildPhase;
			buildActionMask = 2147483647;
			files = (
			);
			runOnlyForDeploymentPostprocessing = 0;
		};
		24EB070A1B1443B20093AA13 /* Frameworks */ = {
			isa = PBXFrameworksBuildPhase;
			buildActionMask = 2147483647;
			files = (
			);
			runOnlyForDeploymentPostprocessing = 0;
		};
/* End PBXFrameworksBuildPhase section */

/* Begin PBXGroup section */
		24EB06EF1B1443B20093AA13 = {
			isa = PBXGroup;
			children = (
				24EB06FA1B1443B20093AA13 /* shake */,
				24EB07101B1443B20093AA13 /* shakeTests */,
				24EB06F91B1443B20093AA13 /* Products */,
			);
			sourceTree = "<group>";
		};
		24EB06F91B1443B20093AA13 /* Products */ = {
			isa = PBXGroup;
			children = (
				24EB06F81B1443B20093AA13 /* shake.app */,
				24EB070D1B1443B20093AA13 /* shakeTests.xctest */,
			);
			name = Products;
			sourceTree = "<group>";
		};
		24EB06FA1B1443B20093AA13 /* shake */ = {
			isa = PBXGroup;
			children = (
				24EB06FD1B1443B20093AA13 /* AppDelegate.swift */,
				24EB06FF1B1443B20093AA13 /* ViewController.swift */,
				24EB07011B1443B20093AA13 /* Main.storyboard */,
				24EB07041B1443B20093AA13 /* Images.xcassets */,
				24EB07061B1443B20093AA13 /* LaunchScreen.xib */,
				24EB06FB1B1443B20093AA13 /* Supporting Files */,
			);
			path = shake;
			sourceTree = "<group>";
		};
		24EB06FB1B1443B20093AA13 /* Supporting Files */ = {
			isa = PBXGroup;
			children = (
				24EB06FC1B1443B20093AA13 /* Info.plist */,
			);
			name = "Supporting Files";
			sourceTree = "<group>";
		};
		24EB07101B1443B20093AA13 /* shakeTests */ = {
			isa = PBXGroup;
			children = (
				24EB07131B1443B20093AA13 /* shakeTests.swift */,
				24EB07111B1443B20093AA13 /* Supporting Files */,
			);
			path = shakeTests;
			sourceTree = "<group>";
		};
		24EB07111B1443B20093AA13 /* Supporting Files */ = {
			isa = PBXGroup;
			children = (
				24EB07121B1443B20093AA13 /* Info.plist */,
			);
			name = "Supporting Files";
			sourceTree = "<group>";
		};
/* End PBXGroup section */

/* Begin PBXNativeTarget section */
		24EB06F71B1443B20093AA13 /* shake */ = {
			isa = PBXNativeTarget;
			buildConfigurationList = 24EB07171B1443B20093AA13 /* Build configuration list for PBXNativeTarget "shake" */;
			buildPhases = (
				24EB06F41B1443B20093AA13 /* Sources */,
				24EB06F51B1443B20093AA13 /* Frameworks */,
				24EB06F61B1443B20093AA13 /* Resources */,
			);
			buildRules = (
			);
			dependencies = (
			);
			name = shake;
			productName = shake;
			productReference = 24EB06F81B1443B20093AA13 /* shake.app */;
			productType = "com.apple.product-type.application";
		};
		24EB070C1B1443B20093AA13 /* shakeTests */ = {
			isa = PBXNativeTarget;
			buildConfigurationList = 24EB071A1B1443B20093AA13 /* Build configuration list for PBXNativeTarget "shakeTests" */;
			buildPhases = (
				24EB07091B1443B20093AA13 /* Sources */,
				24EB070A1B1443B20093AA13 /* Frameworks */,
				24EB070B1B1443B20093AA13 /* Resources */,
			);
			buildRules = (
			);
			dependencies = (
				24EB070F1B1443B20093AA13 /* PBXTargetDependency */,
			);
			name = shakeTests;
			productName = shakeTests;
			productReference = 24EB070D1B1443B20093AA13 /* shakeTests.xctest */;
			productType = "com.apple.product-type.bundle.unit-test";
		};
/* End PBXNativeTarget section */

/* Begin PBXProject section */
		24EB06F01B1443B20093AA13 /* Project object */ = {
			isa = PBXProject;
			attributes = {
				LastUpgradeCheck = 0620;
				ORGANIZATIONNAME = Lily;
				TargetAttributes = {
					24EB06F71B1443B20093AA13 = {
						CreatedOnToolsVersion = 6.2;
					};
					24EB070C1B1443B20093AA13 = {
						CreatedOnToolsVersion = 6.2;
						TestTargetID = 24EB06F71B1443B20093AA13;
					};
				};
			};
			buildConfigurationList = 24EB06F31B1443B20093AA13 /* Build configuration list for PBXProject "shake" */;
			compatibilityVersion = "Xcode 3.2";
			developmentRegion = English;
			hasScannedForEncodings = 0;
			knownRegions = (
				en,
				Base,
			);
			mainGroup = 24EB06EF1B1443B20093AA13;
			productRefGroup = 24EB06F91B1443B20093AA13 /* Products */;
			projectDirPath = "";
			projectRoot = "";
			targets = (
				24EB06F71B1443B20093AA13 /* shake */,
				24EB070C1B1443B20093AA13 /* shakeTests */,
			);
		};
/* End PBXProject section */

/* Begin PBXResourcesBuildPhase section */
		24EB06F61B1443B20093AA13 /* Resources */ = {
			isa = PBXResourcesBuildPhase;
			buildActionMask = 2147483647;
			files = (
				24EB07031B1443B20093AA13 /* Main.storyboard in Resources */,
				24EB07081B1443B20093AA13 /* LaunchScreen.xib in Resources */,
				24EB07051B1443B20093AA13 /* Images.xcassets in Resources */,
			);
			runOnlyForDeploymentPostprocessing = 0;
		};
		24EB070B1B1443B20093AA13 /* Resources */ = {
			isa = PBXResourcesBuildPhase;
			buildActionMask = 2147483647;
			files = (
			);
			runOnlyForDeploymentPostprocessing = 0;
		};
/* End PBXResourcesBuildPhase section */

/* Begin PBXSourcesBuildPhase section */
		24EB06F41B1443B20093AA13 /* Sources */ = {
			isa = PBXSourcesBuildPhase;
			buildActionMask = 2147483647;
			files = (
				24EB07001B1443B20093AA13 /* ViewController.swift in Sources */,
				24EB06FE1B1443B20093AA13 /* AppDelegate.swift in Sources */,
			);
			runOnlyForDeploymentPostprocessing = 0;
		};
		24EB07091B1443B20093AA13 /* Sources */ = {
			isa = PBXSourcesBuildPhase;
			buildActionMask = 2147483647;
			files = (
				24EB07141B1443B20093AA13 /* shakeTests.swift in Sources */,
			);
			runOnlyForDeploymentPostprocessing = 0;
		};
/* End PBXSourcesBuildPhase section */

/* Begin PBXTargetDependency section */
		24EB070F1B1443B20093AA13 /* PBXTargetDependency */ = {
			isa = PBXTargetDependency;
			target = 24EB06F71B1443B20093AA13 /* shake */;
			targetProxy = 24EB070E1B1443B20093AA13 /* PBXContainerItemProxy */;
		};
/* End PBXTargetDependency section */

/* Begin PBXVariantGroup section */
		24EB07011B1443B20093AA13 /* Main.storyboard */ = {
			isa = PBXVariantGroup;
			children = (
				24EB07021B1443B20093AA13 /* Base */,
			);
			name = Main.storyboard;
			sourceTree = "<group>";
		};
		24EB07061B1443B20093AA13 /* LaunchScreen.xib */ = {
			isa = PBXVariantGroup;
			children = (
				24EB07071B1443B20093AA13 /* Base */,
			);
			name = LaunchScreen.xib;
			sourceTree = "<group>";
		};
/* End PBXVariantGroup section */

/* Begin XCBuildConfiguration section */
		24EB07151B1443B20093AA13 /* Debug */ = {
			isa = XCBuildConfiguration;
			buildSettings = {
				ALWAYS_SEARCH_USER_PATHS = NO;
				CLANG_CXX_LANGUAGE_STANDARD = "gnu++0x";
				CLANG_CXX_LIBRARY = "libc++";
				CLANG_ENABLE_MODULES = YES;
				CLANG_ENABLE_OBJC_ARC = YES;
				CLANG_WARN_BOOL_CONVERSION = YES;
				CLANG_WARN_CONSTANT_CONVERSION = YES;
				CLANG_WARN_DIRECT_OBJC_ISA_USAGE = YES_ERROR;
				CLANG_WARN_EMPTY_BODY = YES;
				CLANG_WARN_ENUM_CONVERSION = YES;
				CLANG_WARN_INT_CONVERSION = YES;
				CLANG_WARN_OBJC_ROOT_CLASS = YES_ERROR;
				CLANG_WARN_UNREACHABLE_CODE = YES;
				CLANG_WARN__DUPLICATE_METHOD_MATCH = YES;
				"CODE_SIGN_IDENTITY[sdk=iphoneos*]" = "iPhone Developer";
				COPY_PHASE_STRIP = NO;
				ENABLE_STRICT_OBJC_MSGSEND = YES;
				GCC_C_LANGUAGE_STANDARD = gnu99;
				GCC_DYNAMIC_NO_PIC = NO;
				GCC_OPTIMIZATION_LEVEL = 0;
				GCC_PREPROCESSOR_DEFINITIONS = (
					"DEBUG=1",
					"$(inherited)",
				);
				GCC_SYMBOLS_PRIVATE_EXTERN = NO;
				GCC_WARN_64_TO_32_BIT_CONVERSION = YES;
				GCC_WARN_ABOUT_RETURN_TYPE = YES_ERROR;
				GCC_WARN_UNDECLARED_SELECTOR = YES;
				GCC_WARN_UNINITIALIZED_AUTOS = YES_AGGRESSIVE;
				GCC_WARN_UNUSED_FUNCTION = YES;
				GCC_WARN_UNUSED_VARIABLE = YES;
				IPHONEOS_DEPLOYMENT_TARGET = 8.2;
				MTL_ENABLE_DEBUG_INFO = YES;
				ONLY_ACTIVE_ARCH = YES;
				SDKROOT = iphoneos;
				SWIFT_OPTIMIZATION_LEVEL = "-Onone";
			};
			name = Debug;
		};
		24EB07161B1443B20093AA13 /* Release */ = {
			isa = XCBuildConfiguration;
			buildSettings = {
				ALWAYS_SEARCH_USER_PATHS = NO;
				CLANG_CXX_LANGUAGE_STANDARD = "gnu++0x";
				CLANG_CXX_LIBRARY = "libc++";
				CLANG_ENABLE_MODULES = YES;
				CLANG_ENABLE_OBJC_ARC = YES;
				CLANG_WARN_BOOL_CONVERSION = YES;
				CLANG_WARN_CONSTANT_CONVERSION = YES;
				CLANG_WARN_DIRECT_OBJC_ISA_USAGE = YES_ERROR;
				CLANG_WARN_EMPTY_BODY = YES;
				CLANG_WARN_ENUM_CONVERSION = YES;
				CLANG_WARN_INT_CONVERSION = YES;
				CLANG_WARN_OBJC_ROOT_CLASS = YES_ERROR;
				CLANG_WARN_UNREACHABLE_CODE = YES;
				CLANG_WARN__DUPLICATE_METHOD_MATCH = YES;
				"CODE_SIGN_IDENTITY[sdk=iphoneos*]" = "iPhone Developer";
				COPY_PHASE_STRIP = NO;
				ENABLE_NS_ASSERTIONS = NO;
				ENABLE_STRICT_OBJC_MSGSEND = YES;
				GCC_C_LANGUAGE_STANDARD = gnu99;
				GCC_WARN_64_TO_32_BIT_CONVERSION = YES;
				GCC_WARN_ABOUT_RETURN_TYPE = YES_ERROR;
				GCC_WARN_UNDECLARED_SELECTOR = YES;
				GCC_WARN_UNINITIALIZED_AUTOS = YES_AGGRESSIVE;
				GCC_WARN_UNUSED_FUNCTION = YES;
				GCC_WARN_UNUSED_VARIABLE = YES;
				IPHONEOS_DEPLOYMENT_TARGET = 8.2;
				MTL_ENABLE_DEBUG_INFO = NO;
				SDKROOT = iphoneos;
				VALIDATE_PRODUCT = YES;
			};
			name = Release;
		};
		24EB07181B1443B20093AA13 /* Debug */ = {
			isa = XCBuildConfiguration;
			buildSettings = {
				ASSETCATALOG_COMPILER_APPICON_NAME = AppIcon;
				ASSETCATALOG_COMPILER_LAUNCHIMAGE_NAME = LaunchImage;
				INFOPLIST_FILE = shake/Info.plist;
				IPHONEOS_DEPLOYMENT_TARGET = 8.0;
				LD_RUNPATH_SEARCH_PATHS = "$(inherited) @executable_path/Frameworks";
				PRODUCT_NAME = "$(TARGET_NAME)";
			};
			name = Debug;
		};
		24EB07191B1443B20093AA13 /* Release */ = {
			isa = XCBuildConfiguration;
			buildSettings = {
				ASSETCATALOG_COMPILER_APPICON_NAME = AppIcon;
				ASSETCATALOG_COMPILER_LAUNCHIMAGE_NAME = LaunchImage;
				INFOPLIST_FILE = shake/Info.plist;
				IPHONEOS_DEPLOYMENT_TARGET = 8.0;
				LD_RUNPATH_SEARCH_PATHS = "$(inherited) @executable_path/Frameworks";
				PRODUCT_NAME = "$(TARGET_NAME)";
			};
			name = Release;
		};
		24EB071B1B1443B20093AA13 /* Debug */ = {
			isa = XCBuildConfiguration;
			buildSettings = {
				BUNDLE_LOADER = "$(TEST_HOST)";
				FRAMEWORK_SEARCH_PATHS = (
					"$(SDKROOT)/Developer/Library/Frameworks",
					"$(inherited)",
				);
				GCC_PREPROCESSOR_DEFINITIONS = (
					"DEBUG=1",
					"$(inherited)",
				);
				INFOPLIST_FILE = shakeTests/Info.plist;
				LD_RUNPATH_SEARCH_PATHS = "$(inherited) @executable_path/Frameworks @loader_path/Frameworks";
				PRODUCT_NAME = "$(TARGET_NAME)";
				TEST_HOST = "$(BUILT_PRODUCTS_DIR)/shake.app/shake";
			};
			name = Debug;
		};
		24EB071C1B1443B20093AA13 /* Release */ = {
			isa = XCBuildConfiguration;
			buildSettings = {
				BUNDLE_LOADER = "$(TEST_HOST)";
				FRAMEWORK_SEARCH_PATHS = (
					"$(SDKROOT)/Developer/Library/Frameworks",
					"$(inherited)",
				);
				INFOPLIST_FILE = shakeTests/Info.plist;
				LD_RUNPATH_SEARCH_PATHS = "$(inherited) @executable_path/Frameworks @loader_path/Frameworks";
				PRODUCT_NAME = "$(TARGET_NAME)";
				TEST_HOST = "$(BUILT_PRODUCTS_DIR)/shake.app/shake";
			};
			name = Release;
		};
/* End XCBuildConfiguration section */

/* Begin XCConfigurationList section */
		24EB06F31B1443B20093AA13 /* Build configuration list for PBXProject "shake" */ = {
			isa = XCConfigurationList;
			buildConfigurations = (
				24EB07151B1443B20093AA13 /* Debug */,
				24EB07161B1443B20093AA13 /* Release */,
			);
			defaultConfigurationIsVisible = 0;
			defaultConfigurationName = Release;
		};
		24EB07171B1443B20093AA13 /* Build configuration list for PBXNativeTarget "shake" */ = {
			isa = XCConfigurationList;
			buildConfigurations = (
				24EB07181B1443B20093AA13 /* Debug */,
				24EB07191B1443B20093AA13 /* Release */,
			);
			defaultConfigurationIsVisible = 0;
		};
		24EB071A1B1443B20093AA13 /* Build configuration list for PBXNativeTarget "shakeTests" */ = {
			isa = XCConfigurationList;
			buildConfigurations = (
				24EB071B1B1443B20093AA13 /* Debug */,
				24EB071C1B1443B20093AA13 /* Release */,
			);
			defaultConfigurationIsVisible = 0;
		};
/* End XCConfigurationList section */
	};
	rootObject = 24EB06F01B1443B20093AA13 /* Project object */;
}
